// !$*UTF8*$!
{
	archiveVersion = 1;
	classes = {
	};
	objectVersion = 50;
	objects = {

/* Begin PBXBuildFile section */
		36279E0A264F8F0B004A63A6 /* Divisores.swift in Sources */ = {isa = PBXBuildFile; fileRef = 36279E09264F8F0A004A63A6 /* Divisores.swift */; };
		36279E0C264FA40B004A63A6 /* HstackVstackSpacer.swift in Sources */ = {isa = PBXBuildFile; fileRef = 36279E0B264FA40B004A63A6 /* HstackVstackSpacer.swift */; };
		36279E0E264FAB50004A63A6 /* ZstackPadding.swift in Sources */ = {isa = PBXBuildFile; fileRef = 36279E0D264FAB50004A63A6 /* ZstackPadding.swift */; };
		36279E10264FB0BB004A63A6 /* TabView.swift in Sources */ = {isa = PBXBuildFile; fileRef = 36279E0F264FB0BB004A63A6 /* TabView.swift */; };
		36279E12264FB6C1004A63A6 /* Navigation.swift in Sources */ = {isa = PBXBuildFile; fileRef = 36279E11264FB6C1004A63A6 /* Navigation.swift */; };
		364FE01626563F270036B218 /* Player.swift in Sources */ = {isa = PBXBuildFile; fileRef = 364FE01526563F270036B218 /* Player.swift */; };
		367E60D6264F1AC6006D048A /* IntroduccionSwiftUIApp.swift in Sources */ = {isa = PBXBuildFile; fileRef = 367E60D5264F1AC6006D048A /* IntroduccionSwiftUIApp.swift */; };
		367E60D8264F1AC6006D048A /* ContentView.swift in Sources */ = {isa = PBXBuildFile; fileRef = 367E60D7264F1AC6006D048A /* ContentView.swift */; };
		367E60DA264F1AC6006D048A /* Assets.xcassets in Resources */ = {isa = PBXBuildFile; fileRef = 367E60D9264F1AC6006D048A /* Assets.xcassets */; };
		367E60DD264F1AC6006D048A /* Preview Assets.xcassets in Resources */ = {isa = PBXBuildFile; fileRef = 367E60DC264F1AC6006D048A /* Preview Assets.xcassets */; };
		36C636A0264F58A0002C61BC /* TextViewModifiers.swift in Sources */ = {isa = PBXBuildFile; fileRef = 36C6369F264F58A0002C61BC /* TextViewModifiers.swift */; };
		36C636A2264F5B80002C61BC /* Botones.swift in Sources */ = {isa = PBXBuildFile; fileRef = 36C636A1264F5B80002C61BC /* Botones.swift */; };
		36C636A4264F6212002C61BC /* Imagenes.swift in Sources */ = {isa = PBXBuildFile; fileRef = 36C636A3264F6212002C61BC /* Imagenes.swift */; };
		36C636A6264F8859002C61BC /* CamposTextoState.swift in Sources */ = {isa = PBXBuildFile; fileRef = 36C636A5264F8859002C61BC /* CamposTextoState.swift */; };
/* End PBXBuildFile section */

/* Begin PBXFileReference section */
		36279E09264F8F0A004A63A6 /* Divisores.swift */ = {isa = PBXFileReference; lastKnownFileType = sourcecode.swift; path = Divisores.swift; sourceTree = "<group>"; };
		36279E0B264FA40B004A63A6 /* HstackVstackSpacer.swift */ = {isa = PBXFileReference; lastKnownFileType = sourcecode.swift; path = HstackVstackSpacer.swift; sourceTree = "<group>"; };
		36279E0D264FAB50004A63A6 /* ZstackPadding.swift */ = {isa = PBXFileReference; lastKnownFileType = sourcecode.swift; path = ZstackPadding.swift; sourceTree = "<group>"; };
		36279E0F264FB0BB004A63A6 /* TabView.swift */ = {isa = PBXFileReference; lastKnownFileType = sourcecode.swift; path = TabView.swift; sourceTree = "<group>"; };
		36279E11264FB6C1004A63A6 /* Navigation.swift */ = {isa = PBXFileReference; lastKnownFileType = sourcecode.swift; path = Navigation.swift; sourceTree = "<group>"; };
		364FE01526563F270036B218 /* Player.swift */ = {isa = PBXFileReference; lastKnownFileType = sourcecode.swift; path = Player.swift; sourceTree = "<group>"; };
		3652EC8F264F3E0D00E216A7 /* ComputedProperties.playground */ = {isa = PBXFileReference; lastKnownFileType = file.playground; path = ComputedProperties.playground; sourceTree = "<group>"; xcLanguageSpecificationIdentifier = xcode.lang.swift; };
		367E60D2264F1AC6006D048A /* IntroduccionSwiftUI.app */ = {isa = PBXFileReference; explicitFileType = wrapper.application; includeInIndex = 0; path = IntroduccionSwiftUI.app; sourceTree = BUILT_PRODUCTS_DIR; };
		367E60D5264F1AC6006D048A /* IntroduccionSwiftUIApp.swift */ = {isa = PBXFileReference; lastKnownFileType = sourcecode.swift; path = IntroduccionSwiftUIApp.swift; sourceTree = "<group>"; };
		367E60D7264F1AC6006D048A /* ContentView.swift */ = {isa = PBXFileReference; lastKnownFileType = sourcecode.swift; path = ContentView.swift; sourceTree = "<group>"; };
		367E60D9264F1AC6006D048A /* Assets.xcassets */ = {isa = PBXFileReference; lastKnownFileType = folder.assetcatalog; path = Assets.xcassets; sourceTree = "<group>"; };
		367E60DC264F1AC6006D048A /* Preview Assets.xcassets */ = {isa = PBXFileReference; lastKnownFileType = folder.assetcatalog; path = "Preview Assets.xcassets"; sourceTree = "<group>"; };
		367E60DE264F1AC6006D048A /* Info.plist */ = {isa = PBXFileReference; lastKnownFileType = text.plist.xml; path = Info.plist; sourceTree = "<group>"; };
		367E60E5264F1B10006D048A /* VariablesConstantes.playground */ = {isa = PBXFileReference; lastKnownFileType = file.playground; path = VariablesConstantes.playground; sourceTree = "<group>"; xcLanguageSpecificationIdentifier = xcode.lang.swift; };
		367E60E6264F227C006D048A /* FuncionesArgumentLabels.playground */ = {isa = PBXFileReference; lastKnownFileType = file.playground; path = FuncionesArgumentLabels.playground; sourceTree = "<group>"; xcLanguageSpecificationIdentifier = xcode.lang.swift; };
		367E60E7264F345E006D048A /* StructsPropiedadesMetodos.playground */ = {isa = PBXFileReference; lastKnownFileType = file.playground; path = StructsPropiedadesMetodos.playground; sourceTree = "<group>"; xcLanguageSpecificationIdentifier = xcode.lang.swift; };
		36C6369F264F58A0002C61BC /* TextViewModifiers.swift */ = {isa = PBXFileReference; lastKnownFileType = sourcecode.swift; path = TextViewModifiers.swift; sourceTree = "<group>"; };
		36C636A1264F5B80002C61BC /* Botones.swift */ = {isa = PBXFileReference; lastKnownFileType = sourcecode.swift; path = Botones.swift; sourceTree = "<group>"; };
		36C636A3264F6212002C61BC /* Imagenes.swift */ = {isa = PBXFileReference; lastKnownFileType = sourcecode.swift; path = Imagenes.swift; sourceTree = "<group>"; };
		36C636A5264F8859002C61BC /* CamposTextoState.swift */ = {isa = PBXFileReference; lastKnownFileType = sourcecode.swift; path = CamposTextoState.swift; sourceTree = "<group>"; };
/* End PBXFileReference section */

/* Begin PBXFrameworksBuildPhase section */
		367E60CF264F1AC6006D048A /* Frameworks */ = {
			isa = PBXFrameworksBuildPhase;
			buildActionMask = 2147483647;
			files = (
			);
			runOnlyForDeploymentPostprocessing = 0;
		};
/* End PBXFrameworksBuildPhase section */

/* Begin PBXGroup section */
		367E60C9264F1AC6006D048A = {
			isa = PBXGroup;
			children = (
				367E60D4264F1AC6006D048A /* IntroduccionSwiftUI */,
				367E60D3264F1AC6006D048A /* Products */,
			);
			sourceTree = "<group>";
		};
		367E60D3264F1AC6006D048A /* Products */ = {
			isa = PBXGroup;
			children = (
				367E60D2264F1AC6006D048A /* IntroduccionSwiftUI.app */,
			);
			name = Products;
			sourceTree = "<group>";
		};
		367E60D4264F1AC6006D048A /* IntroduccionSwiftUI */ = {
			isa = PBXGroup;
			children = (
				367E60D5264F1AC6006D048A /* IntroduccionSwiftUIApp.swift */,
				367E60E4264F1ADC006D048A /* Playgrounds */,
				36C6369E264F5869002C61BC /* Views */,
				367E60D9264F1AC6006D048A /* Assets.xcassets */,
				367E60DE264F1AC6006D048A /* Info.plist */,
				367E60DB264F1AC6006D048A /* Preview Content */,
			);
			path = IntroduccionSwiftUI;
			sourceTree = "<group>";
		};
		367E60DB264F1AC6006D048A /* Preview Content */ = {
			isa = PBXGroup;
			children = (
				367E60DC264F1AC6006D048A /* Preview Assets.xcassets */,
			);
			path = "Preview Content";
			sourceTree = "<group>";
		};
		367E60E4264F1ADC006D048A /* Playgrounds */ = {
			isa = PBXGroup;
			children = (
				367E60E5264F1B10006D048A /* VariablesConstantes.playground */,
				367E60E6264F227C006D048A /* FuncionesArgumentLabels.playground */,
				367E60E7264F345E006D048A /* StructsPropiedadesMetodos.playground */,
				3652EC8F264F3E0D00E216A7 /* ComputedProperties.playground */,
			);
			path = Playgrounds;
			sourceTree = "<group>";
		};
		36C6369E264F5869002C61BC /* Views */ = {
			isa = PBXGroup;
			children = (
				367E60D7264F1AC6006D048A /* ContentView.swift */,
				36C6369F264F58A0002C61BC /* TextViewModifiers.swift */,
				36C636A1264F5B80002C61BC /* Botones.swift */,
				36C636A3264F6212002C61BC /* Imagenes.swift */,
				36C636A5264F8859002C61BC /* CamposTextoState.swift */,
				36279E09264F8F0A004A63A6 /* Divisores.swift */,
				36279E0B264FA40B004A63A6 /* HstackVstackSpacer.swift */,
				36279E0D264FAB50004A63A6 /* ZstackPadding.swift */,
				36279E0F264FB0BB004A63A6 /* TabView.swift */,
				36279E11264FB6C1004A63A6 /* Navigation.swift */,
				364FE01526563F270036B218 /* Player.swift */,
			);
			path = Views;
			sourceTree = "<group>";
		};
/* End PBXGroup section */

/* Begin PBXNativeTarget section */
		367E60D1264F1AC6006D048A /* IntroduccionSwiftUI */ = {
			isa = PBXNativeTarget;
			buildConfigurationList = 367E60E1264F1AC6006D048A /* Build configuration list for PBXNativeTarget "IntroduccionSwiftUI" */;
			buildPhases = (
				367E60CE264F1AC6006D048A /* Sources */,
				367E60CF264F1AC6006D048A /* Frameworks */,
				367E60D0264F1AC6006D048A /* Resources */,
			);
			buildRules = (
			);
			dependencies = (
			);
			name = IntroduccionSwiftUI;
			productName = IntroduccionSwiftUI;
			productReference = 367E60D2264F1AC6006D048A /* IntroduccionSwiftUI.app */;
			productType = "com.apple.product-type.application";
		};
/* End PBXNativeTarget section */

/* Begin PBXProject section */
		367E60CA264F1AC6006D048A /* Project object */ = {
			isa = PBXProject;
			attributes = {
				LastSwiftUpdateCheck = 1250;
				LastUpgradeCheck = 1250;
				TargetAttributes = {
					367E60D1264F1AC6006D048A = {
						CreatedOnToolsVersion = 12.5;
					};
				};
			};
			buildConfigurationList = 367E60CD264F1AC6006D048A /* Build configuration list for PBXProject "IntroduccionSwiftUI" */;
			compatibilityVersion = "Xcode 9.3";
			developmentRegion = en;
			hasScannedForEncodings = 0;
			knownRegions = (
				en,
				Base,
			);
			mainGroup = 367E60C9264F1AC6006D048A;
			productRefGroup = 367E60D3264F1AC6006D048A /* Products */;
			projectDirPath = "";
			projectRoot = "";
			targets = (
				367E60D1264F1AC6006D048A /* IntroduccionSwiftUI */,
			);
		};
/* End PBXProject section */

/* Begin PBXResourcesBuildPhase section */
		367E60D0264F1AC6006D048A /* Resources */ = {
			isa = PBXResourcesBuildPhase;
			buildActionMask = 2147483647;
			files = (
				367E60DD264F1AC6006D048A /* Preview Assets.xcassets in Resources */,
				367E60DA264F1AC6006D048A /* Assets.xcassets in Resources */,
			);
			runOnlyForDeploymentPostprocessing = 0;
		};
/* End PBXResourcesBuildPhase section */

/* Begin PBXSourcesBuildPhase section */
		367E60CE264F1AC6006D048A /* Sources */ = {
			isa = PBXSourcesBuildPhase;
			buildActionMask = 2147483647;
			files = (
				36279E10264FB0BB004A63A6 /* TabView.swift in Sources */,
				367E60D8264F1AC6006D048A /* ContentView.swift in Sources */,
				36C636A6264F8859002C61BC /* CamposTextoState.swift in Sources */,
				36279E12264FB6C1004A63A6 /* Navigation.swift in Sources */,
				36C636A4264F6212002C61BC /* Imagenes.swift in Sources */,
				36279E0C264FA40B004A63A6 /* HstackVstackSpacer.swift in Sources */,
				367E60D6264F1AC6006D048A /* IntroduccionSwiftUIApp.swift in Sources */,
				36C636A2264F5B80002C61BC /* Botones.swift in Sources */,
				36279E0A264F8F0B004A63A6 /* Divisores.swift in Sources */,
				364FE01626563F270036B218 /* Player.swift in Sources */,
				36C636A0264F58A0002C61BC /* TextViewModifiers.swift in Sources */,
				36279E0E264FAB50004A63A6 /* ZstackPadding.swift in Sources */,
			);
			runOnlyForDeploymentPostprocessing = 0;
		};
/* End PBXSourcesBuildPhase section */

/* Begin XCBuildConfiguration section */
		367E60DF264F1AC6006D048A /* Debug */ = {
			isa = XCBuildConfiguration;
			buildSettings = {
				ALWAYS_SEARCH_USER_PATHS = NO;
				CLANG_ANALYZER_NONNULL = YES;
				CLANG_ANALYZER_NUMBER_OBJECT_CONVERSION = YES_AGGRESSIVE;
				CLANG_CXX_LANGUAGE_STANDARD = "gnu++14";
				CLANG_CXX_LIBRARY = "libc++";
				CLANG_ENABLE_MODULES = YES;
				CLANG_ENABLE_OBJC_ARC = YES;
				CLANG_ENABLE_OBJC_WEAK = YES;
				CLANG_WARN_BLOCK_CAPTURE_AUTORELEASING = YES;
				CLANG_WARN_BOOL_CONVERSION = YES;
				CLANG_WARN_COMMA = YES;
				CLANG_WARN_CONSTANT_CONVERSION = YES;
				CLANG_WARN_DEPRECATED_OBJC_IMPLEMENTATIONS = YES;
				CLANG_WARN_DIRECT_OBJC_ISA_USAGE = YES_ERROR;
				CLANG_WARN_DOCUMENTATION_COMMENTS = YES;
				CLANG_WARN_EMPTY_BODY = YES;
				CLANG_WARN_ENUM_CONVERSION = YES;
				CLANG_WARN_INFINITE_RECURSION = YES;
				CLANG_WARN_INT_CONVERSION = YES;
				CLANG_WARN_NON_LITERAL_NULL_CONVERSION = YES;
				CLANG_WARN_OBJC_IMPLICIT_RETAIN_SELF = YES;
				CLANG_WARN_OBJC_LITERAL_CONVERSION = YES;
				CLANG_WARN_OBJC_ROOT_CLASS = YES_ERROR;
				CLANG_WARN_QUOTED_INCLUDE_IN_FRAMEWORK_HEADER = YES;
				CLANG_WARN_RANGE_LOOP_ANALYSIS = YES;
				CLANG_WARN_STRICT_PROTOTYPES = YES;
				CLANG_WARN_SUSPICIOUS_MOVE = YES;
				CLANG_WARN_UNGUARDED_AVAILABILITY = YES_AGGRESSIVE;
				CLANG_WARN_UNREACHABLE_CODE = YES;
				CLANG_WARN__DUPLICATE_METHOD_MATCH = YES;
				COPY_PHASE_STRIP = NO;
				DEBUG_INFORMATION_FORMAT = dwarf;
				ENABLE_STRICT_OBJC_MSGSEND = YES;
				ENABLE_TESTABILITY = YES;
				GCC_C_LANGUAGE_STANDARD = gnu11;
				GCC_DYNAMIC_NO_PIC = NO;
				GCC_NO_COMMON_BLOCKS = YES;
				GCC_OPTIMIZATION_LEVEL = 0;
				GCC_PREPROCESSOR_DEFINITIONS = (
					"DEBUG=1",
					"$(inherited)",
				);
				GCC_WARN_64_TO_32_BIT_CONVERSION = YES;
				GCC_WARN_ABOUT_RETURN_TYPE = YES_ERROR;
				GCC_WARN_UNDECLARED_SELECTOR = YES;
				GCC_WARN_UNINITIALIZED_AUTOS = YES_AGGRESSIVE;
				GCC_WARN_UNUSED_FUNCTION = YES;
				GCC_WARN_UNUSED_VARIABLE = YES;
				IPHONEOS_DEPLOYMENT_TARGET = 14.5;
				MTL_ENABLE_DEBUG_INFO = INCLUDE_SOURCE;
				MTL_FAST_MATH = YES;
				ONLY_ACTIVE_ARCH = YES;
				SDKROOT = iphoneos;
				SWIFT_ACTIVE_COMPILATION_CONDITIONS = DEBUG;
				SWIFT_OPTIMIZATION_LEVEL = "-Onone";
			};
			name = Debug;
		};
		367E60E0264F1AC6006D048A /* Release */ = {
			isa = XCBuildConfiguration;
			buildSettings = {
				ALWAYS_SEARCH_USER_PATHS = NO;
				CLANG_ANALYZER_NONNULL = YES;
				CLANG_ANALYZER_NUMBER_OBJECT_CONVERSION = YES_AGGRESSIVE;
				CLANG_CXX_LANGUAGE_STANDARD = "gnu++14";
				CLANG_CXX_LIBRARY = "libc++";
				CLANG_ENABLE_MODULES = YES;
				CLANG_ENABLE_OBJC_ARC = YES;
				CLANG_ENABLE_OBJC_WEAK = YES;
				CLANG_WARN_BLOCK_CAPTURE_AUTORELEASING = YES;
				CLANG_WARN_BOOL_CONVERSION = YES;
				CLANG_WARN_COMMA = YES;
				CLANG_WARN_CONSTANT_CONVERSION = YES;
				CLANG_WARN_DEPRECATED_OBJC_IMPLEMENTATIONS = YES;
				CLANG_WARN_DIRECT_OBJC_ISA_USAGE = YES_ERROR;
				CLANG_WARN_DOCUMENTATION_COMMENTS = YES;
				CLANG_WARN_EMPTY_BODY = YES;
				CLANG_WARN_ENUM_CONVERSION = YES;
				CLANG_WARN_INFINITE_RECURSION = YES;
				CLANG_WARN_INT_CONVERSION = YES;
				CLANG_WARN_NON_LITERAL_NULL_CONVERSION = YES;
				CLANG_WARN_OBJC_IMPLICIT_RETAIN_SELF = YES;
				CLANG_WARN_OBJC_LITERAL_CONVERSION = YES;
				CLANG_WARN_OBJC_ROOT_CLASS = YES_ERROR;
				CLANG_WARN_QUOTED_INCLUDE_IN_FRAMEWORK_HEADER = YES;
				CLANG_WARN_RANGE_LOOP_ANALYSIS = YES;
				CLANG_WARN_STRICT_PROTOTYPES = YES;
				CLANG_WARN_SUSPICIOUS_MOVE = YES;
				CLANG_WARN_UNGUARDED_AVAILABILITY = YES_AGGRESSIVE;
				CLANG_WARN_UNREACHABLE_CODE = YES;
				CLANG_WARN__DUPLICATE_METHOD_MATCH = YES;
				COPY_PHASE_STRIP = NO;
				DEBUG_INFORMATION_FORMAT = "dwarf-with-dsym";
				ENABLE_NS_ASSERTIONS = NO;
				ENABLE_STRICT_OBJC_MSGSEND = YES;
				GCC_C_LANGUAGE_STANDARD = gnu11;
				GCC_NO_COMMON_BLOCKS = YES;
				GCC_WARN_64_TO_32_BIT_CONVERSION = YES;
				GCC_WARN_ABOUT_RETURN_TYPE = YES_ERROR;
				GCC_WARN_UNDECLARED_SELECTOR = YES;
				GCC_WARN_UNINITIALIZED_AUTOS = YES_AGGRESSIVE;
				GCC_WARN_UNUSED_FUNCTION = YES;
				GCC_WARN_UNUSED_VARIABLE = YES;
				IPHONEOS_DEPLOYMENT_TARGET = 14.5;
				MTL_ENABLE_DEBUG_INFO = NO;
				MTL_FAST_MATH = YES;
				SDKROOT = iphoneos;
				SWIFT_COMPILATION_MODE = wholemodule;
				SWIFT_OPTIMIZATION_LEVEL = "-O";
				VALIDATE_PRODUCT = YES;
			};
			name = Release;
		};
		367E60E2264F1AC6006D048A /* Debug */ = {
			isa = XCBuildConfiguration;
			buildSettings = {
				ASSETCATALOG_COMPILER_APPICON_NAME = AppIcon;
				ASSETCATALOG_COMPILER_GLOBAL_ACCENT_COLOR_NAME = AccentColor;
				CODE_SIGN_STYLE = Automatic;
				DEVELOPMENT_ASSET_PATHS = "\"IntroduccionSwiftUI/Preview Content\"";
				DEVELOPMENT_TEAM = PR2KB3T2YF;
				ENABLE_PREVIEWS = YES;
				INFOPLIST_FILE = IntroduccionSwiftUI/Info.plist;
				IPHONEOS_DEPLOYMENT_TARGET = 14.0;
				LD_RUNPATH_SEARCH_PATHS = (
					"$(inherited)",
					"@executable_path/Frameworks",
				);
				PRODUCT_BUNDLE_IDENTIFIER = com.platzi.IntroSwiftUI;
				PRODUCT_NAME = "$(TARGET_NAME)";
				SWIFT_VERSION = 5.0;
				TARGETED_DEVICE_FAMILY = "1,2";
			};
			name = Debug;
		};
		367E60E3264F1AC6006D048A /* Release */ = {
			isa = XCBuildConfiguration;
			buildSettings = {
				ASSETCATALOG_COMPILER_APPICON_NAME = AppIcon;
				ASSETCATALOG_COMPILER_GLOBAL_ACCENT_COLOR_NAME = AccentColor;
				CODE_SIGN_STYLE = Automatic;
				DEVELOPMENT_ASSET_PATHS = "\"IntroduccionSwiftUI/Preview Content\"";
				DEVELOPMENT_TEAM = PR2KB3T2YF;
				ENABLE_PREVIEWS = YES;
				INFOPLIST_FILE = IntroduccionSwiftUI/Info.plist;
				IPHONEOS_DEPLOYMENT_TARGET = 14.0;
				LD_RUNPATH_SEARCH_PATHS = (
					"$(inherited)",
					"@executable_path/Frameworks",
				);
				PRODUCT_BUNDLE_IDENTIFIER = com.platzi.IntroSwiftUI;
				PRODUCT_NAME = "$(TARGET_NAME)";
				SWIFT_VERSION = 5.0;
				TARGETED_DEVICE_FAMILY = "1,2";
			};
			name = Release;
		};
/* End XCBuildConfiguration section */

/* Begin XCConfigurationList section */
		367E60CD264F1AC6006D048A /* Build configuration list for PBXProject "IntroduccionSwiftUI" */ = {
			isa = XCConfigurationList;
			buildConfigurations = (
				367E60DF264F1AC6006D048A /* Debug */,
				367E60E0264F1AC6006D048A /* Release */,
			);
			defaultConfigurationIsVisible = 0;
			defaultConfigurationName = Release;
		};
		367E60E1264F1AC6006D048A /* Build configuration list for PBXNativeTarget "IntroduccionSwiftUI" */ = {
			isa = XCConfigurationList;
			buildConfigurations = (
				367E60E2264F1AC6006D048A /* Debug */,
				367E60E3264F1AC6006D048A /* Release */,
			);
			defaultConfigurationIsVisible = 0;
			defaultConfigurationName = Release;
		};
/* End XCConfigurationList section */
	};
	rootObject = 367E60CA264F1AC6006D048A /* Project object */;
}
